
Microsoft Visual Studio Solution File, Format Version 12.00
# Visual Studio Version 17
VisualStudioVersion = 17.0.31903.59
MinimumVisualStudioVersion = 10.0.40219.1
Project("{FAE04EC0-301F-11D3-BF4B-00C04F79EFBC}") = "DreamBig.Repository", "DreamBig.Repository\DreamBig.Repository.csproj", "{A089D1F5-69C2-4379-8CA5-68BA2FABAF16}"
EndProject
Project("{FAE04EC0-301F-11D3-BF4B-00C04F79EFBC}") = "DreamBig.Repository.Cosmos", "DreamBig.Repository.Cosmos\DreamBig.Repository.Cosmos.csproj", "{7376E069-46BF-4E25-BEA6-2B3BACB162C0}"
EndProject
Global
	GlobalSection(SolutionConfigurationPlatforms) = preSolution
		Debug|Any CPU = Debug|Any CPU
		Release|Any CPU = Release|Any CPU
	EndGlobalSection
	GlobalSection(SolutionProperties) = preSolution
		HideSolutionNode = FALSE
	EndGlobalSection
	GlobalSection(ProjectConfigurationPlatforms) = postSolution
		{A089D1F5-69C2-4379-8CA5-68BA2FABAF16}.Debug|Any CPU.ActiveCfg = Debug|Any CPU
		{A089D1F5-69C2-4379-8CA5-68BA2FABAF16}.Debug|Any CPU.Build.0 = Debug|Any CPU
		{A089D1F5-69C2-4379-8CA5-68BA2FABAF16}.Release|Any CPU.ActiveCfg = Release|Any CPU
		{A089D1F5-69C2-4379-8CA5-68BA2FABAF16}.Release|Any CPU.Build.0 = Release|Any CPU
		{7376E069-46BF-4E25-BEA6-2B3BACB162C0}.Debug|Any CPU.ActiveCfg = Debug|Any CPU
		{7376E069-46BF-4E25-BEA6-2B3BACB162C0}.Debug|Any CPU.Build.0 = Debug|Any CPU
		{7376E069-46BF-4E25-BEA6-2B3BACB162C0}.Release|Any CPU.ActiveCfg = Release|Any CPU
		{7376E069-46BF-4E25-BEA6-2B3BACB162C0}.Release|Any CPU.Build.0 = Release|Any CPU
	EndGlobalSection
EndGlobal
